
Microsoft Visual Studio Solution File, Format Version 12.00
# Visual Studio 15
VisualStudioVersion = 15.0.27703.2000
MinimumVisualStudioVersion = 10.0.40219.1
Project("{FAE04EC0-301F-11D3-BF4B-00C04F79EFBC}") = "MeshDecimator", "MeshDecimator\MeshDecimator.csproj", "{F49D5D98-DF95-4A31-A42F-DA6D92C242DD}"
EndProject
Project("{FAE04EC0-301F-11D3-BF4B-00C04F79EFBC}") = "MeshDecimatorTool", "MeshDecimatorTool\MeshDecimatorTool.csproj", "{7EB7F9F4-81F2-4E1C-A9A0-17BB6850D345}"
EndProject
Global
	GlobalSection(SolutionConfigurationPlatforms) = preSolution
		Debug|Any CPU = Debug|Any CPU
		Release|Any CPU = Release|Any CPU
	EndGlobalSection
	GlobalSection(ProjectConfigurationPlatforms) = postSolution
		{F49D5D98-DF95-4A31-A42F-DA6D92C242DD}.Debug|Any CPU.ActiveCfg = Debug|Any CPU
		{F49D5D98-DF95-4A31-A42F-DA6D92C242DD}.Debug|Any CPU.Build.0 = Debug|Any CPU
		{F49D5D98-DF95-4A31-A42F-DA6D92C242DD}.Release|Any CPU.ActiveCfg = Release|Any CPU
		{F49D5D98-DF95-4A31-A42F-DA6D92C242DD}.Release|Any CPU.Build.0 = Release|Any CPU
		{7EB7F9F4-81F2-4E1C-A9A0-17BB6850D345}.Debug|Any CPU.ActiveCfg = Debug|Any CPU
		{7EB7F9F4-81F2-4E1C-A9A0-17BB6850D345}.Debug|Any CPU.Build.0 = Debug|Any CPU
		{7EB7F9F4-81F2-4E1C-A9A0-17BB6850D345}.Release|Any CPU.ActiveCfg = Release|Any CPU
		{7EB7F9F4-81F2-4E1C-A9A0-17BB6850D345}.Release|Any CPU.Build.0 = Release|Any CPU
	EndGlobalSection
	GlobalSection(SolutionProperties) = preSolution
		HideSolutionNode = FALSE
	EndGlobalSection
	GlobalSection(ExtensibilityGlobals) = postSolution
		SolutionGuid = {772C336B-8C5E-4D27-9DFA-EEB3A338FF1B}
	EndGlobalSection
EndGlobal
